
Microsoft Visual Studio Solution File, Format Version 12.00
Project("{FAE04EC0-301F-11D3-BF4B-00C04F79EFBC}") = "LifeTracker", "LifeTracker\LifeTracker.csproj", "{3F72EBC3-7456-4BB1-937D-D6CF6D541DA8}"
EndProject
Global
	GlobalSection(SolutionConfigurationPlatforms) = preSolution
		Debug|Any CPU = Debug|Any CPU
		Release|Any CPU = Release|Any CPU
	EndGlobalSection
	GlobalSection(ProjectConfigurationPlatforms) = postSolution
		{3F72EBC3-7456-4BB1-937D-D6CF6D541DA8}.Debug|Any CPU.ActiveCfg = Debug|Any CPU
		{3F72EBC3-7456-4BB1-937D-D6CF6D541DA8}.Debug|Any CPU.Build.0 = Debug|Any CPU
		{3F72EBC3-7456-4BB1-937D-D6CF6D541DA8}.Release|Any CPU.ActiveCfg = Release|Any CPU
		{3F72EBC3-7456-4BB1-937D-D6CF6D541DA8}.Release|Any CPU.Build.0 = Release|Any CPU
	EndGlobalSection
EndGlobal
